
Microsoft Visual Studio Solution File, Format Version 12.00
# Visual Studio Version 16
VisualStudioVersion = 16.0.30611.23
MinimumVisualStudioVersion = 10.0.40219.1
Project("{FAE04EC0-301F-11D3-BF4B-00C04F79EFBC}") = "VMTranslator", "VMTranslator.csproj", "{4395BBA7-7E56-4F92-9FE2-01E46058EA4E}"
EndProject
Global
	GlobalSection(SolutionConfigurationPlatforms) = preSolution
		Debug|Any CPU = Debug|Any CPU
		Release|Any CPU = Release|Any CPU
	EndGlobalSection
	GlobalSection(ProjectConfigurationPlatforms) = postSolution
		{4395BBA7-7E56-4F92-9FE2-01E46058EA4E}.Debug|Any CPU.ActiveCfg = Debug|Any CPU
		{4395BBA7-7E56-4F92-9FE2-01E46058EA4E}.Debug|Any CPU.Build.0 = Debug|Any CPU
		{4395BBA7-7E56-4F92-9FE2-01E46058EA4E}.Release|Any CPU.ActiveCfg = Release|Any CPU
		{4395BBA7-7E56-4F92-9FE2-01E46058EA4E}.Release|Any CPU.Build.0 = Release|Any CPU
	EndGlobalSection
	GlobalSection(SolutionProperties) = preSolution
		HideSolutionNode = FALSE
	EndGlobalSection
	GlobalSection(ExtensibilityGlobals) = postSolution
		SolutionGuid = {FAE15E98-740F-42C7-9D71-82748470F8EA}
	EndGlobalSection
EndGlobal
